
Microsoft Visual Studio Solution File, Format Version 12.00
# Visual Studio Version 17
VisualStudioVersion = 17.0.31903.59
MinimumVisualStudioVersion = 10.0.40219.1
Project("{FAE04EC0-301F-11D3-BF4B-00C04F79EFBC}") = "InvoluntaryBlink", "InvoluntaryBlink.csproj", "{C9D8FDB5-311C-4269-921A-19192749D8BF}"
EndProject
Global
	GlobalSection(SolutionConfigurationPlatforms) = preSolution
		Debug|Any CPU = Debug|Any CPU
		Release|Any CPU = Release|Any CPU
	EndGlobalSection
	GlobalSection(ProjectConfigurationPlatforms) = postSolution
		{C9D8FDB5-311C-4269-921A-19192749D8BF}.Debug|Any CPU.ActiveCfg = Debug|Any CPU
		{C9D8FDB5-311C-4269-921A-19192749D8BF}.Debug|Any CPU.Build.0 = Debug|Any CPU
		{C9D8FDB5-311C-4269-921A-19192749D8BF}.Release|Any CPU.ActiveCfg = Release|Any CPU
		{C9D8FDB5-311C-4269-921A-19192749D8BF}.Release|Any CPU.Build.0 = Release|Any CPU
	EndGlobalSection
	GlobalSection(SolutionProperties) = preSolution
		HideSolutionNode = FALSE
	EndGlobalSection
	GlobalSection(ExtensibilityGlobals) = postSolution
		SolutionGuid = {5951F27C-5ED0-407A-8B24-E25B498C1240}
	EndGlobalSection
EndGlobal
